# Generated by buf. DO NOT EDIT.
version: v1
deps:
  - remote: buf.build
    owner: agynio
    repository: api
    commit: 8352aa52d6d24a16a83fcaac76a44348
    digest: shake256:f6f74b097b9349ff456e23e8763f9fc0f99bc8e45402eaeb573351544e717ac1f0ceeb8851c6a0f224af6ea33e665ecc9ecb85e2246219b45c3a4bde6d820857
  - remote: buf.build
    owner: opentelemetry
    repository: opentelemetry
    commit: 5f2c7d4f740541589805e0816dad4bb0
    digest: shake256:1a1c76b9fb39277f441fa81273e5132e2856558fd52b04e3ea69051f6ecdb5293e35c8915ec7e20507bba9d4bb6b0ba9a1408062fa63dd7f09db015ad06736ab
