# Generated by buf. DO NOT EDIT.
version: v1
deps:
  - remote: buf.build
    owner: agynio
    repository: api
    commit: 5703b32f4b2644a6b56a6054e24ead9a
    digest: shake256:87da4ca6ee4627fac5d01ceb0abc78c6f0b684c7e2f094a3ddb1c663b28035945b91bcf4a1a4b41732f111430a49dd5a90ca5e9cea0a5f7896925ea3c94a3edc
  - remote: buf.build
    owner: opentelemetry
    repository: opentelemetry
    commit: 5f2c7d4f740541589805e0816dad4bb0
    digest: shake256:1a1c76b9fb39277f441fa81273e5132e2856558fd52b04e3ea69051f6ecdb5293e35c8915ec7e20507bba9d4bb6b0ba9a1408062fa63dd7f09db015ad06736ab
